
Microsoft Visual Studio Solution File, Format Version 12.00
# Visual Studio 15
VisualStudioVersion = 15.0.27428.2043
MinimumVisualStudioVersion = 10.0.40219.1
Project("{FAE04EC0-301F-11D3-BF4B-00C04F79EFBC}") = "Energy.ProviderAdapter", "Energy.ProviderAdapter\Energy.ProviderAdapter.csproj", "{B49AC471-4EC9-437D-BB49-AE2994E24E93}"
	ProjectSection(ProjectDependencies) = postProject
		{EEF446CB-72A5-4F03-8E27-A50A6E91984D} = {EEF446CB-72A5-4F03-8E27-A50A6E91984D}
	EndProjectSection
EndProject
Project("{FAE04EC0-301F-11D3-BF4B-00C04F79EFBC}") = "Energy.EHLCommsLib", "Energy.EHLCommsLib\Energy.EHLCommsLib.csproj", "{EEF446CB-72A5-4F03-8E27-A50A6E91984D}"
EndProject
Project("{FAE04EC0-301F-11D3-BF4B-00C04F79EFBC}") = "Energy.EHLCommsLibTests", "Energy.EHLCommsLibTests\Energy.EHLCommsLibTests.csproj", "{D66C6727-0C92-4BC5-BD4B-6B8752ADB0A5}"
EndProject
Project("{FAE04EC0-301F-11D3-BF4B-00C04F79EFBC}") = "Energy.EHLCommsLibIntegrationTests", "Energy.EHLCommsLibIntegrationTests\Energy.EHLCommsLibIntegrationTests.csproj", "{95B91C08-875F-4254-A93E-02C4B1B1246E}"
	ProjectSection(ProjectDependencies) = postProject
		{EEF446CB-72A5-4F03-8E27-A50A6E91984D} = {EEF446CB-72A5-4F03-8E27-A50A6E91984D}
	EndProjectSection
EndProject
Project("{2150E333-8FDC-42A3-9474-1A3956D46DE8}") = "Build", "Build", "{A3425EEF-E572-43BB-83E0-D08A62F06E2C}"
	ProjectSection(SolutionItems) = preProject
		..\fake = ..\fake
		..\fake.bat = ..\fake.bat
		..\fake.fsx = ..\fake.fsx
		..\fettle.config.yml = ..\fettle.config.yml
	EndProjectSection
EndProject
Project("{FAE04EC0-301F-11D3-BF4B-00C04F79EFBC}") = "Energy.ProviderAdapterTests", "Energy.ProviderAdapterTests\Energy.ProviderAdapterTests.csproj", "{992CCB1F-65D5-4441-AF1C-4182389675B8}"
EndProject
Project("{FAE04EC0-301F-11D3-BF4B-00C04F79EFBC}") = "Energy.ProviderAdapterMemoryProfiling", "Energy.ProviderAdapterMemoryProfiling\Energy.ProviderAdapterMemoryProfiling.csproj", "{CFA74524-FF4B-4B2D-B561-DBAF6C5E2510}"
EndProject
Project("{FAE04EC0-301F-11D3-BF4B-00C04F79EFBC}") = "Energy.ProviderAdapterPerformanceTests", "Energy.ProviderAdapterPerformanceTests\Energy.ProviderAdapterPerformanceTests.csproj", "{C8036EA4-B420-4CD2-AAD4-5596B59E7C20}"
EndProject
Global
	GlobalSection(SolutionConfigurationPlatforms) = preSolution
		Debug|Any CPU = Debug|Any CPU
		Release|Any CPU = Release|Any CPU
	EndGlobalSection
	GlobalSection(ProjectConfigurationPlatforms) = postSolution
		{B49AC471-4EC9-437D-BB49-AE2994E24E93}.Debug|Any CPU.ActiveCfg = Debug|Any CPU
		{B49AC471-4EC9-437D-BB49-AE2994E24E93}.Debug|Any CPU.Build.0 = Debug|Any CPU
		{B49AC471-4EC9-437D-BB49-AE2994E24E93}.Release|Any CPU.ActiveCfg = Release|Any CPU
		{B49AC471-4EC9-437D-BB49-AE2994E24E93}.Release|Any CPU.Build.0 = Release|Any CPU
		{EEF446CB-72A5-4F03-8E27-A50A6E91984D}.Debug|Any CPU.ActiveCfg = Debug|Any CPU
		{EEF446CB-72A5-4F03-8E27-A50A6E91984D}.Debug|Any CPU.Build.0 = Debug|Any CPU
		{EEF446CB-72A5-4F03-8E27-A50A6E91984D}.Release|Any CPU.ActiveCfg = Release|Any CPU
		{EEF446CB-72A5-4F03-8E27-A50A6E91984D}.Release|Any CPU.Build.0 = Release|Any CPU
		{D66C6727-0C92-4BC5-BD4B-6B8752ADB0A5}.Debug|Any CPU.ActiveCfg = Debug|Any CPU
		{D66C6727-0C92-4BC5-BD4B-6B8752ADB0A5}.Debug|Any CPU.Build.0 = Debug|Any CPU
		{D66C6727-0C92-4BC5-BD4B-6B8752ADB0A5}.Release|Any CPU.ActiveCfg = Release|Any CPU
		{D66C6727-0C92-4BC5-BD4B-6B8752ADB0A5}.Release|Any CPU.Build.0 = Release|Any CPU
		{95B91C08-875F-4254-A93E-02C4B1B1246E}.Debug|Any CPU.ActiveCfg = Debug|Any CPU
		{95B91C08-875F-4254-A93E-02C4B1B1246E}.Debug|Any CPU.Build.0 = Debug|Any CPU
		{95B91C08-875F-4254-A93E-02C4B1B1246E}.Release|Any CPU.ActiveCfg = Release|Any CPU
		{95B91C08-875F-4254-A93E-02C4B1B1246E}.Release|Any CPU.Build.0 = Release|Any CPU
		{992CCB1F-65D5-4441-AF1C-4182389675B8}.Debug|Any CPU.ActiveCfg = Debug|Any CPU
		{992CCB1F-65D5-4441-AF1C-4182389675B8}.Debug|Any CPU.Build.0 = Debug|Any CPU
		{992CCB1F-65D5-4441-AF1C-4182389675B8}.Release|Any CPU.ActiveCfg = Release|Any CPU
		{992CCB1F-65D5-4441-AF1C-4182389675B8}.Release|Any CPU.Build.0 = Release|Any CPU
		{CFA74524-FF4B-4B2D-B561-DBAF6C5E2510}.Debug|Any CPU.ActiveCfg = Debug|Any CPU
		{CFA74524-FF4B-4B2D-B561-DBAF6C5E2510}.Debug|Any CPU.Build.0 = Debug|Any CPU
		{CFA74524-FF4B-4B2D-B561-DBAF6C5E2510}.Release|Any CPU.ActiveCfg = Release|Any CPU
		{CFA74524-FF4B-4B2D-B561-DBAF6C5E2510}.Release|Any CPU.Build.0 = Release|Any CPU
		{C8036EA4-B420-4CD2-AAD4-5596B59E7C20}.Debug|Any CPU.ActiveCfg = Debug|Any CPU
		{C8036EA4-B420-4CD2-AAD4-5596B59E7C20}.Debug|Any CPU.Build.0 = Debug|Any CPU
		{C8036EA4-B420-4CD2-AAD4-5596B59E7C20}.Release|Any CPU.ActiveCfg = Release|Any CPU
		{C8036EA4-B420-4CD2-AAD4-5596B59E7C20}.Release|Any CPU.Build.0 = Release|Any CPU
	EndGlobalSection
	GlobalSection(SolutionProperties) = preSolution
		HideSolutionNode = FALSE
	EndGlobalSection
	GlobalSection(ExtensibilityGlobals) = postSolution
		SolutionGuid = {BE9FD1F3-1A10-4E79-A6EA-B4A2727B507B}
	EndGlobalSection
EndGlobal
