
Microsoft Visual Studio Solution File, Format Version 12.00
# Visual Studio 14
VisualStudioVersion = 14.0.25420.1
MinimumVisualStudioVersion = 10.0.40219.1
Project("{FAE04EC0-301F-11D3-BF4B-00C04F79EFBC}") = "Energy.ProviderAdapter", "Energy.ProviderAdapter\Energy.ProviderAdapter.csproj", "{B49AC471-4EC9-437D-BB49-AE2994E24E93}"
	ProjectSection(ProjectDependencies) = postProject
		{EEF446CB-72A5-4F03-8E27-A50A6E91984D} = {EEF446CB-72A5-4F03-8E27-A50A6E91984D}
	EndProjectSection
EndProject
Project("{FAE04EC0-301F-11D3-BF4B-00C04F79EFBC}") = "Energy.EHLCommsLib", "Energy.EHLCommsLib\Energy.EHLCommsLib.csproj", "{EEF446CB-72A5-4F03-8E27-A50A6E91984D}"
EndProject
Project("{FAE04EC0-301F-11D3-BF4B-00C04F79EFBC}") = "Energy.EHLCommsLibTests", "Energy.EHLCommsLibTests\Energy.EHLCommsLibTests.csproj", "{D66C6727-0C92-4BC5-BD4B-6B8752ADB0A5}"
EndProject
Project("{FAE04EC0-301F-11D3-BF4B-00C04F79EFBC}") = "Energy.EHLCommsLibIntegrationTests", "Energy.EHLCommsLibIntegrationTests\Energy.EHLCommsLibIntegrationTests.csproj", "{95B91C08-875F-4254-A93E-02C4B1B1246E}"
	ProjectSection(ProjectDependencies) = postProject
		{EEF446CB-72A5-4F03-8E27-A50A6E91984D} = {EEF446CB-72A5-4F03-8E27-A50A6E91984D}
	EndProjectSection
EndProject
Project("{2150E333-8FDC-42A3-9474-1A3956D46DE8}") = "Build", "Build", "{A3425EEF-E572-43BB-83E0-D08A62F06E2C}"
	ProjectSection(SolutionItems) = preProject
		..\fake = ..\fake
		..\fake.bat = ..\fake.bat
		..\fake.fsx = ..\fake.fsx
	EndProjectSection
EndProject
Project("{FAE04EC0-301F-11D3-BF4B-00C04F79EFBC}") = "Energy.ProviderAdapterTests", "Energy.ProviderAdapterTests\Energy.ProviderAdapterTests.csproj", "{992CCB1F-65D5-4441-AF1C-4182389675B8}"
EndProject
Global
	GlobalSection(SolutionConfigurationPlatforms) = preSolution
		Debug|Any CPU = Debug|Any CPU
		Release|Any CPU = Release|Any CPU
	EndGlobalSection
	GlobalSection(ProjectConfigurationPlatforms) = postSolution
		{B49AC471-4EC9-437D-BB49-AE2994E24E93}.Debug|Any CPU.ActiveCfg = Debug|Any CPU
		{B49AC471-4EC9-437D-BB49-AE2994E24E93}.Debug|Any CPU.Build.0 = Debug|Any CPU
		{B49AC471-4EC9-437D-BB49-AE2994E24E93}.Release|Any CPU.ActiveCfg = Release|Any CPU
		{B49AC471-4EC9-437D-BB49-AE2994E24E93}.Release|Any CPU.Build.0 = Release|Any CPU
		{EEF446CB-72A5-4F03-8E27-A50A6E91984D}.Debug|Any CPU.ActiveCfg = Debug|Any CPU
		{EEF446CB-72A5-4F03-8E27-A50A6E91984D}.Debug|Any CPU.Build.0 = Debug|Any CPU
		{EEF446CB-72A5-4F03-8E27-A50A6E91984D}.Release|Any CPU.ActiveCfg = Release|Any CPU
		{EEF446CB-72A5-4F03-8E27-A50A6E91984D}.Release|Any CPU.Build.0 = Release|Any CPU
		{D66C6727-0C92-4BC5-BD4B-6B8752ADB0A5}.Debug|Any CPU.ActiveCfg = Debug|Any CPU
		{D66C6727-0C92-4BC5-BD4B-6B8752ADB0A5}.Debug|Any CPU.Build.0 = Debug|Any CPU
		{D66C6727-0C92-4BC5-BD4B-6B8752ADB0A5}.Release|Any CPU.ActiveCfg = Release|Any CPU
		{D66C6727-0C92-4BC5-BD4B-6B8752ADB0A5}.Release|Any CPU.Build.0 = Release|Any CPU
		{95B91C08-875F-4254-A93E-02C4B1B1246E}.Debug|Any CPU.ActiveCfg = Debug|Any CPU
		{95B91C08-875F-4254-A93E-02C4B1B1246E}.Debug|Any CPU.Build.0 = Debug|Any CPU
		{95B91C08-875F-4254-A93E-02C4B1B1246E}.Release|Any CPU.ActiveCfg = Release|Any CPU
		{95B91C08-875F-4254-A93E-02C4B1B1246E}.Release|Any CPU.Build.0 = Release|Any CPU
		{992CCB1F-65D5-4441-AF1C-4182389675B8}.Debug|Any CPU.ActiveCfg = Debug|Any CPU
		{992CCB1F-65D5-4441-AF1C-4182389675B8}.Debug|Any CPU.Build.0 = Debug|Any CPU
		{992CCB1F-65D5-4441-AF1C-4182389675B8}.Release|Any CPU.ActiveCfg = Release|Any CPU
		{992CCB1F-65D5-4441-AF1C-4182389675B8}.Release|Any CPU.Build.0 = Release|Any CPU
	EndGlobalSection
	GlobalSection(SolutionProperties) = preSolution
		HideSolutionNode = FALSE
	EndGlobalSection
EndGlobal
